# This is a Gradle generated file for dependency locking.
# Manual edits can break the build and are not advised.
# This file is expected to be part of source control.
aopalliance:aopalliance:1.0=compileClasspath,runtimeClasspath,testCompileClasspath,testRuntimeClasspath
com.eed3si9n:shaded-scalajson_2.12:1.0.0-M4=zinc
com.eed3si9n:sjson-new-core_2.12:0.8.3=zinc
com.eed3si9n:sjson-new-scalajson_2.12:0.8.3=zinc
com.fasterxml.jackson.core:jackson-annotations:2.9.10=compileClasspath,runtimeClasspath,testCompileClasspath,testRuntimeClasspath
com.fasterxml.jackson.core:jackson-core:2.9.10=compileClasspath,runtimeClasspath,testCompileClasspath,testRuntimeClasspath
com.fasterxml.jackson.core:jackson-databind:2.9.10=compileClasspath,runtimeClasspath,testCompileClasspath,testRuntimeClasspath
com.fasterxml.jackson.datatype:jackson-datatype-guava:2.9.10=compileClasspath,runtimeClasspath,testCompileClasspath,testRuntimeClasspath
com.fasterxml.jackson.jaxrs:jackson-jaxrs-base:2.9.10=compileClasspath,runtimeClasspath,testCompileClasspath,testRuntimeClasspath
com.fasterxml.jackson.jaxrs:jackson-jaxrs-json-provider:2.9.10=compileClasspath,runtimeClasspath,testCompileClasspath,testRuntimeClasspath
com.fasterxml.jackson.module:jackson-module-jaxb-annotations:2.9.10=compileClasspath,runtimeClasspath,testCompileClasspath,testRuntimeClasspath
com.github.rholder:guava-retrying:2.0.0=compileClasspath,runtimeClasspath,testCompileClasspath,testRuntimeClasspath
com.google.code.findbugs:jsr305:3.0.2=compileClasspath,runtimeClasspath,testCompileClasspath,testRuntimeClasspath
com.google.guava:guava:19.0=compileClasspath,runtimeClasspath,testCompileClasspath,testRuntimeClasspath
com.google.inject.extensions:guice-multibindings:4.2.2=compileClasspath,runtimeClasspath,testCompileClasspath,testRuntimeClasspath
com.google.inject:guice:4.2.2=compileClasspath,runtimeClasspath,testCompileClasspath,testRuntimeClasspath
com.google.protobuf:protobuf-java:3.7.0=zinc
com.lihaoyi:fastparse-utils_2.12:0.4.2=zinc
com.lihaoyi:fastparse_2.12:0.4.2=zinc
com.lihaoyi:sourcecode_2.12:0.1.3=zinc
com.lmax:disruptor:3.4.2=zinc
com.swoval:file-tree-views:2.1.3=zinc
com.trueaccord.lenses:lenses_2.12:0.4.12=zinc
com.trueaccord.scalapb:scalapb-runtime_2.12:0.6.0=zinc
commons-codec:commons-codec:1.9=compileClasspath,runtimeClasspath,testCompileClasspath,testRuntimeClasspath
commons-io:commons-io:2.5=compileClasspath,runtimeClasspath,testCompileClasspath,testRuntimeClasspath
commons-logging:commons-logging:1.2=compileClasspath,runtimeClasspath,testCompileClasspath,testRuntimeClasspath
io.digdag:digdag-client:0.10.0=compileClasspath,runtimeClasspath,testCompileClasspath,testRuntimeClasspath
io.digdag:digdag-plugin-utils:0.10.0=compileClasspath,runtimeClasspath,testCompileClasspath,testRuntimeClasspath
io.digdag:digdag-spi:0.10.0=compileClasspath,runtimeClasspath,testCompileClasspath,testRuntimeClasspath
io.dropwizard.metrics:metrics-core:4.0.5=compileClasspath,runtimeClasspath,testCompileClasspath,testRuntimeClasspath
io.dropwizard.metrics:metrics-jmx:4.0.5=compileClasspath,runtimeClasspath,testCompileClasspath,testRuntimeClasspath
io.github.yoyama:fluency-meter-registory_2.12:0.4.0=compileClasspath,runtimeClasspath,testCompileClasspath,testRuntimeClasspath
io.jsonwebtoken:jjwt:0.6.0=compileClasspath,runtimeClasspath,testCompileClasspath,testRuntimeClasspath
io.micrometer:micrometer-core:1.2.0=compileClasspath,runtimeClasspath,testCompileClasspath,testRuntimeClasspath
io.micrometer:micrometer-registry-jmx:1.2.0=compileClasspath,runtimeClasspath,testCompileClasspath,testRuntimeClasspath
javax.activation:activation:1.1.1=compileClasspath,runtimeClasspath,testCompileClasspath,testRuntimeClasspath
javax.inject:javax.inject:1=compileClasspath,runtimeClasspath,testCompileClasspath,testRuntimeClasspath
jline:jline:2.14.6=zinc
net.java.dev.jna:jna-platform:4.5.0=zinc
net.java.dev.jna:jna:4.5.0=zinc
net.jcip:jcip-annotations:1.0=compileClasspath,runtimeClasspath,testCompileClasspath,testRuntimeClasspath
net.jodah:failsafe:1.1.1=runtimeClasspath,testRuntimeClasspath
org.apache.commons:commons-compress:1.10=compileClasspath,runtimeClasspath,testCompileClasspath,testRuntimeClasspath
org.apache.httpcomponents:httpclient:4.5.2=compileClasspath,runtimeClasspath,testCompileClasspath,testRuntimeClasspath
org.apache.httpcomponents:httpcore:4.4.4=compileClasspath,runtimeClasspath,testCompileClasspath,testRuntimeClasspath
org.apache.logging.log4j:log4j-api:2.11.2=zinc
org.apache.logging.log4j:log4j-core:2.11.2=zinc
org.hdrhistogram:HdrHistogram:2.1.11=compileClasspath,runtimeClasspath,testCompileClasspath,testRuntimeClasspath
org.jboss.logging:jboss-logging:3.3.0.Final=compileClasspath,runtimeClasspath,testCompileClasspath,testRuntimeClasspath
org.jboss.resteasy:resteasy-client:3.0.24.Final=compileClasspath,runtimeClasspath,testCompileClasspath,testRuntimeClasspath
org.jboss.resteasy:resteasy-jaxrs:3.0.24.Final=compileClasspath,runtimeClasspath,testCompileClasspath,testRuntimeClasspath
org.jboss.spec.javax.annotation:jboss-annotations-api_1.2_spec:1.0.0.Final=compileClasspath,runtimeClasspath,testCompileClasspath,testRuntimeClasspath
org.jboss.spec.javax.ws.rs:jboss-jaxrs-api_2.0_spec:1.0.1.Beta1=compileClasspath,runtimeClasspath,testCompileClasspath,testRuntimeClasspath
org.komamitsu:fluency-core:2.3.3=compileClasspath,runtimeClasspath,testCompileClasspath,testRuntimeClasspath
org.komamitsu:fluency-fluentd:2.3.3=compileClasspath,runtimeClasspath,testCompileClasspath,testRuntimeClasspath
org.komamitsu:phi-accural-failure-detector:0.0.4=runtimeClasspath,testRuntimeClasspath
org.latencyutils:LatencyUtils:2.0.3=compileClasspath,runtimeClasspath,testCompileClasspath,testRuntimeClasspath
org.msgpack:jackson-dataformat-msgpack:0.8.17=runtimeClasspath,testRuntimeClasspath
org.scala-lang.modules:scala-parser-combinators_2.12:1.1.2=zinc
org.scala-lang.modules:scala-xml_2.12:1.0.6=zinc
org.scala-lang:scala-compiler:2.12.10=zinc
org.scala-lang:scala-library:2.12.10=zinc
org.scala-lang:scala-library:2.13.5=compileClasspath,runtimeClasspath,testCompileClasspath,testRuntimeClasspath
org.scala-lang:scala-reflect:2.12.10=zinc
org.scala-sbt:compiler-bridge_2.12:1.3.5=zinc
org.scala-sbt:compiler-interface:1.3.5=zinc
org.scala-sbt:io_2.12:1.3.0=zinc
org.scala-sbt:launcher-interface:1.0.0=zinc
org.scala-sbt:sbinary_2.12:0.5.0=zinc
org.scala-sbt:util-control_2.12:1.3.0=zinc
org.scala-sbt:util-interface:1.3.0=zinc
org.scala-sbt:util-logging_2.12:1.3.0=zinc
org.scala-sbt:util-relation_2.12:1.3.0=zinc
org.scala-sbt:zinc-apiinfo_2.12:1.3.5=zinc
org.scala-sbt:zinc-classfile_2.12:1.3.5=zinc
org.scala-sbt:zinc-classpath_2.12:1.3.5=zinc
org.scala-sbt:zinc-compile-core_2.12:1.3.5=zinc
org.scala-sbt:zinc-core_2.12:1.3.5=zinc
org.scala-sbt:zinc-persist_2.12:1.3.5=zinc
org.scala-sbt:zinc_2.12:1.3.5=zinc
org.slf4j:slf4j-api:1.7.25=compileClasspath,runtimeClasspath,testCompileClasspath,testRuntimeClasspath
org.slf4j:slf4j-simple:1.7.28=compileClasspath,runtimeClasspath,testCompileClasspath,testRuntimeClasspath
org.spire-math:jawn-parser_2.12:0.10.4=zinc
empty=annotationProcessor,scalaCompilerPlugins,shadow,testAnnotationProcessor
